// !$*UTF8*$!
{
	archiveVersion = 1;
	classes = {
	};
	objectVersion = 46;
	objects = {

/* Begin PBXBuildFile section */
		1AC74DE11EE232ED00049928 /* AppDelegate.swift in Sources */ = {isa = PBXBuildFile; fileRef = 1AC74DE01EE232ED00049928 /* AppDelegate.swift */; };
		1AC74DE31EE232ED00049928 /* ViewController.swift in Sources */ = {isa = PBXBuildFile; fileRef = 1AC74DE21EE232ED00049928 /* ViewController.swift */; };
		1AC74DE61EE232EE00049928 /* Main.storyboard in Resources */ = {isa = PBXBuildFile; fileRef = 1AC74DE41EE232ED00049928 /* Main.storyboard */; };
		1AC74DE81EE232EE00049928 /* Assets.xcassets in Resources */ = {isa = PBXBuildFile; fileRef = 1AC74DE71EE232EE00049928 /* Assets.xcassets */; };
		1AC74DEB1EE232EE00049928 /* LaunchScreen.storyboard in Resources */ = {isa = PBXBuildFile; fileRef = 1AC74DE91EE232EE00049928 /* LaunchScreen.storyboard */; };
		1AC74DF61EE232EE00049928 /* LottieDemoTests.swift in Sources */ = {isa = PBXBuildFile; fileRef = 1AC74DF51EE232EE00049928 /* LottieDemoTests.swift */; };
		1AC74E011EE232EE00049928 /* LottieDemoUITests.swift in Sources */ = {isa = PBXBuildFile; fileRef = 1AC74E001EE232EE00049928 /* LottieDemoUITests.swift */; };
		1AC74E0F1EE2425500049928 /* servishero_loading.json in Resources */ = {isa = PBXBuildFile; fileRef = 1AC74E0E1EE2425500049928 /* servishero_loading.json */; };
		3993305820EB90E42A8E6C9B /* Pods_LottieDemoTests.framework in Frameworks */ = {isa = PBXBuildFile; fileRef = 40BD6656195C06E4C3442BAE /* Pods_LottieDemoTests.framework */; };
		3BCF706BA1B4FE0CBDDD1704 /* Pods_LottieDemoUITests.framework in Frameworks */ = {isa = PBXBuildFile; fileRef = 68D1A70A95D64F5F4DFA78D1 /* Pods_LottieDemoUITests.framework */; };
		DB89E70E8738B1CF97F55F3B /* Pods_LottieDemo.framework in Frameworks */ = {isa = PBXBuildFile; fileRef = 671C78868797E52010A5E64A /* Pods_LottieDemo.framework */; };
/* End PBXBuildFile section */

/* Begin PBXContainerItemProxy section */
		1AC74DF21EE232EE00049928 /* PBXContainerItemProxy */ = {
			isa = PBXContainerItemProxy;
			containerPortal = 1AC74DD51EE232ED00049928 /* Project object */;
			proxyType = 1;
			remoteGlobalIDString = 1AC74DDC1EE232ED00049928;
			remoteInfo = LottieDemo;
		};
		1AC74DFD1EE232EE00049928 /* PBXContainerItemProxy */ = {
			isa = PBXContainerItemProxy;
			containerPortal = 1AC74DD51EE232ED00049928 /* Project object */;
			proxyType = 1;
			remoteGlobalIDString = 1AC74DDC1EE232ED00049928;
			remoteInfo = LottieDemo;
		};
/* End PBXContainerItemProxy section */

/* Begin PBXFileReference section */
		107F1F3F47046945367A4B5E /* Pods-LottieDemoUITests.release.xcconfig */ = {isa = PBXFileReference; includeInIndex = 1; lastKnownFileType = text.xcconfig; name = "Pods-LottieDemoUITests.release.xcconfig"; path = "Pods/Target Support Files/Pods-LottieDemoUITests/Pods-LottieDemoUITests.release.xcconfig"; sourceTree = "<group>"; };
		1AC74DDD1EE232ED00049928 /* LottieDemo.app */ = {isa = PBXFileReference; explicitFileType = wrapper.application; includeInIndex = 0; path = LottieDemo.app; sourceTree = BUILT_PRODUCTS_DIR; };
		1AC74DE01EE232ED00049928 /* AppDelegate.swift */ = {isa = PBXFileReference; lastKnownFileType = sourcecode.swift; path = AppDelegate.swift; sourceTree = "<group>"; };
		1AC74DE21EE232ED00049928 /* ViewController.swift */ = {isa = PBXFileReference; lastKnownFileType = sourcecode.swift; path = ViewController.swift; sourceTree = "<group>"; };
		1AC74DE51EE232EE00049928 /* Base */ = {isa = PBXFileReference; lastKnownFileType = file.storyboard; name = Base; path = Base.lproj/Main.storyboard; sourceTree = "<group>"; };
		1AC74DE71EE232EE00049928 /* Assets.xcassets */ = {isa = PBXFileReference; lastKnownFileType = folder.assetcatalog; path = Assets.xcassets; sourceTree = "<group>"; };
		1AC74DEA1EE232EE00049928 /* Base */ = {isa = PBXFileReference; lastKnownFileType = file.storyboard; name = Base; path = Base.lproj/LaunchScreen.storyboard; sourceTree = "<group>"; };
		1AC74DEC1EE232EE00049928 /* Info.plist */ = {isa = PBXFileReference; lastKnownFileType = text.plist.xml; path = Info.plist; sourceTree = "<group>"; };
		1AC74DF11EE232EE00049928 /* LottieDemoTests.xctest */ = {isa = PBXFileReference; explicitFileType = wrapper.cfbundle; includeInIndex = 0; path = LottieDemoTests.xctest; sourceTree = BUILT_PRODUCTS_DIR; };
		1AC74DF51EE232EE00049928 /* LottieDemoTests.swift */ = {isa = PBXFileReference; lastKnownFileType = sourcecode.swift; path = LottieDemoTests.swift; sourceTree = "<group>"; };
		1AC74DF71EE232EE00049928 /* Info.plist */ = {isa = PBXFileReference; lastKnownFileType = text.plist.xml; path = Info.plist; sourceTree = "<group>"; };
		1AC74DFC1EE232EE00049928 /* LottieDemoUITests.xctest */ = {isa = PBXFileReference; explicitFileType = wrapper.cfbundle; includeInIndex = 0; path = LottieDemoUITests.xctest; sourceTree = BUILT_PRODUCTS_DIR; };
		1AC74E001EE232EE00049928 /* LottieDemoUITests.swift */ = {isa = PBXFileReference; lastKnownFileType = sourcecode.swift; path = LottieDemoUITests.swift; sourceTree = "<group>"; };
		1AC74E021EE232EE00049928 /* Info.plist */ = {isa = PBXFileReference; lastKnownFileType = text.plist.xml; path = Info.plist; sourceTree = "<group>"; };
		1AC74E0E1EE2425500049928 /* servishero_loading.json */ = {isa = PBXFileReference; fileEncoding = 4; lastKnownFileType = text.json; name = servishero_loading.json; path = ../../../Downloads/servishero_loading.json; sourceTree = "<group>"; };
		2D935B3A6F12B00F4A93C956 /* Pods-LottieDemoTests.release.xcconfig */ = {isa = PBXFileReference; includeInIndex = 1; lastKnownFileType = text.xcconfig; name = "Pods-LottieDemoTests.release.xcconfig"; path = "Pods/Target Support Files/Pods-LottieDemoTests/Pods-LottieDemoTests.release.xcconfig"; sourceTree = "<group>"; };
		40BD6656195C06E4C3442BAE /* Pods_LottieDemoTests.framework */ = {isa = PBXFileReference; explicitFileType = wrapper.framework; includeInIndex = 0; path = Pods_LottieDemoTests.framework; sourceTree = BUILT_PRODUCTS_DIR; };
		62C5FA4B7E7B86023CC2D33C /* Pods-LottieDemoTests.debug.xcconfig */ = {isa = PBXFileReference; includeInIndex = 1; lastKnownFileType = text.xcconfig; name = "Pods-LottieDemoTests.debug.xcconfig"; path = "Pods/Target Support Files/Pods-LottieDemoTests/Pods-LottieDemoTests.debug.xcconfig"; sourceTree = "<group>"; };
		65DDDDCD31C0633FC81B4E30 /* Pods-LottieDemoUITests.debug.xcconfig */ = {isa = PBXFileReference; includeInIndex = 1; lastKnownFileType = text.xcconfig; name = "Pods-LottieDemoUITests.debug.xcconfig"; path = "Pods/Target Support Files/Pods-LottieDemoUITests/Pods-LottieDemoUITests.debug.xcconfig"; sourceTree = "<group>"; };
		671C78868797E52010A5E64A /* Pods_LottieDemo.framework */ = {isa = PBXFileReference; explicitFileType = wrapper.framework; includeInIndex = 0; path = Pods_LottieDemo.framework; sourceTree = BUILT_PRODUCTS_DIR; };
		68D1A70A95D64F5F4DFA78D1 /* Pods_LottieDemoUITests.framework */ = {isa = PBXFileReference; explicitFileType = wrapper.framework; includeInIndex = 0; path = Pods_LottieDemoUITests.framework; sourceTree = BUILT_PRODUCTS_DIR; };
		7CEA51B0E6EF1EF0E480DEEB /* Pods-LottieDemo.debug.xcconfig */ = {isa = PBXFileReference; includeInIndex = 1; lastKnownFileType = text.xcconfig; name = "Pods-LottieDemo.debug.xcconfig"; path = "Pods/Target Support Files/Pods-LottieDemo/Pods-LottieDemo.debug.xcconfig"; sourceTree = "<group>"; };
		D65ADBFBF20BD2CEE0EA5620 /* Pods-LottieDemo.release.xcconfig */ = {isa = PBXFileReference; includeInIndex = 1; lastKnownFileType = text.xcconfig; name = "Pods-LottieDemo.release.xcconfig"; path = "Pods/Target Support Files/Pods-LottieDemo/Pods-LottieDemo.release.xcconfig"; sourceTree = "<group>"; };
/* End PBXFileReference section */

/* Begin PBXFrameworksBuildPhase section */
		1AC74DDA1EE232ED00049928 /* Frameworks */ = {
			isa = PBXFrameworksBuildPhase;
			buildActionMask = 2147483647;
			files = (
				DB89E70E8738B1CF97F55F3B /* Pods_LottieDemo.framework in Frameworks */,
			);
			runOnlyForDeploymentPostprocessing = 0;
		};
		1AC74DEE1EE232EE00049928 /* Frameworks */ = {
			isa = PBXFrameworksBuildPhase;
			buildActionMask = 2147483647;
			files = (
				3993305820EB90E42A8E6C9B /* Pods_LottieDemoTests.framework in Frameworks */,
			);
			runOnlyForDeploymentPostprocessing = 0;
		};
		1AC74DF91EE232EE00049928 /* Frameworks */ = {
			isa = PBXFrameworksBuildPhase;
			buildActionMask = 2147483647;
			files = (
				3BCF706BA1B4FE0CBDDD1704 /* Pods_LottieDemoUITests.framework in Frameworks */,
			);
			runOnlyForDeploymentPostprocessing = 0;
		};
/* End PBXFrameworksBuildPhase section */

/* Begin PBXGroup section */
		1AC74DD41EE232ED00049928 = {
			isa = PBXGroup;
			children = (
				1AC74DDF1EE232ED00049928 /* LottieDemo */,
				1AC74DF41EE232EE00049928 /* LottieDemoTests */,
				1AC74DFF1EE232EE00049928 /* LottieDemoUITests */,
				1AC74DDE1EE232ED00049928 /* Products */,
				29D3CEDCB4F2BF588601C0B3 /* Pods */,
				9897D4A5E90F147D5C1351D0 /* Frameworks */,
			);
			sourceTree = "<group>";
		};
		1AC74DDE1EE232ED00049928 /* Products */ = {
			isa = PBXGroup;
			children = (
				1AC74DDD1EE232ED00049928 /* LottieDemo.app */,
				1AC74DF11EE232EE00049928 /* LottieDemoTests.xctest */,
				1AC74DFC1EE232EE00049928 /* LottieDemoUITests.xctest */,
			);
			name = Products;
			sourceTree = "<group>";
		};
		1AC74DDF1EE232ED00049928 /* LottieDemo */ = {
			isa = PBXGroup;
			children = (
				1AC74E0E1EE2425500049928 /* servishero_loading.json */,
				1AC74DE01EE232ED00049928 /* AppDelegate.swift */,
				1AC74DE21EE232ED00049928 /* ViewController.swift */,
				1AC74DE41EE232ED00049928 /* Main.storyboard */,
				1AC74DE71EE232EE00049928 /* Assets.xcassets */,
				1AC74DE91EE232EE00049928 /* LaunchScreen.storyboard */,
				1AC74DEC1EE232EE00049928 /* Info.plist */,
			);
			path = LottieDemo;
			sourceTree = "<group>";
		};
		1AC74DF41EE232EE00049928 /* LottieDemoTests */ = {
			isa = PBXGroup;
			children = (
				1AC74DF51EE232EE00049928 /* LottieDemoTests.swift */,
				1AC74DF71EE232EE00049928 /* Info.plist */,
			);
			path = LottieDemoTests;
			sourceTree = "<group>";
		};
		1AC74DFF1EE232EE00049928 /* LottieDemoUITests */ = {
			isa = PBXGroup;
			children = (
				1AC74E001EE232EE00049928 /* LottieDemoUITests.swift */,
				1AC74E021EE232EE00049928 /* Info.plist */,
			);
			path = LottieDemoUITests;
			sourceTree = "<group>";
		};
		29D3CEDCB4F2BF588601C0B3 /* Pods */ = {
			isa = PBXGroup;
			children = (
				7CEA51B0E6EF1EF0E480DEEB /* Pods-LottieDemo.debug.xcconfig */,
				D65ADBFBF20BD2CEE0EA5620 /* Pods-LottieDemo.release.xcconfig */,
				62C5FA4B7E7B86023CC2D33C /* Pods-LottieDemoTests.debug.xcconfig */,
				2D935B3A6F12B00F4A93C956 /* Pods-LottieDemoTests.release.xcconfig */,
				65DDDDCD31C0633FC81B4E30 /* Pods-LottieDemoUITests.debug.xcconfig */,
				107F1F3F47046945367A4B5E /* Pods-LottieDemoUITests.release.xcconfig */,
			);
			name = Pods;
			sourceTree = "<group>";
		};
		9897D4A5E90F147D5C1351D0 /* Frameworks */ = {
			isa = PBXGroup;
			children = (
				671C78868797E52010A5E64A /* Pods_LottieDemo.framework */,
				40BD6656195C06E4C3442BAE /* Pods_LottieDemoTests.framework */,
				68D1A70A95D64F5F4DFA78D1 /* Pods_LottieDemoUITests.framework */,
			);
			name = Frameworks;
			sourceTree = "<group>";
		};
/* End PBXGroup section */

/* Begin PBXNativeTarget section */
		1AC74DDC1EE232ED00049928 /* LottieDemo */ = {
			isa = PBXNativeTarget;
			buildConfigurationList = 1AC74E051EE232EE00049928 /* Build configuration list for PBXNativeTarget "LottieDemo" */;
			buildPhases = (
				25C868884D5F1E3EE7BC2C61 /* [CP] Check Pods Manifest.lock */,
				1AC74DD91EE232ED00049928 /* Sources */,
				1AC74DDA1EE232ED00049928 /* Frameworks */,
				1AC74DDB1EE232ED00049928 /* Resources */,
				4C2459976937D6CC448E29DE /* [CP] Embed Pods Frameworks */,
				6F164A7B61FF9A1961008B69 /* [CP] Copy Pods Resources */,
			);
			buildRules = (
			);
			dependencies = (
			);
			name = LottieDemo;
			productName = LottieDemo;
			productReference = 1AC74DDD1EE232ED00049928 /* LottieDemo.app */;
			productType = "com.apple.product-type.application";
		};
		1AC74DF01EE232EE00049928 /* LottieDemoTests */ = {
			isa = PBXNativeTarget;
			buildConfigurationList = 1AC74E081EE232EE00049928 /* Build configuration list for PBXNativeTarget "LottieDemoTests" */;
			buildPhases = (
				4E0EDA43B87879D9FC1B684A /* [CP] Check Pods Manifest.lock */,
				1AC74DED1EE232EE00049928 /* Sources */,
				1AC74DEE1EE232EE00049928 /* Frameworks */,
				1AC74DEF1EE232EE00049928 /* Resources */,
				7FF821F18F8870B0D5B9AE4B /* [CP] Embed Pods Frameworks */,
				E814E6D96B715866BDC46F91 /* [CP] Copy Pods Resources */,
			);
			buildRules = (
			);
			dependencies = (
				1AC74DF31EE232EE00049928 /* PBXTargetDependency */,
			);
			name = LottieDemoTests;
			productName = LottieDemoTests;
			productReference = 1AC74DF11EE232EE00049928 /* LottieDemoTests.xctest */;
			productType = "com.apple.product-type.bundle.unit-test";
		};
		1AC74DFB1EE232EE00049928 /* LottieDemoUITests */ = {
			isa = PBXNativeTarget;
			buildConfigurationList = 1AC74E0B1EE232EE00049928 /* Build configuration list for PBXNativeTarget "LottieDemoUITests" */;
			buildPhases = (
				EF5F84BB9ADC34DF2B68FA24 /* [CP] Check Pods Manifest.lock */,
				1AC74DF81EE232EE00049928 /* Sources */,
				1AC74DF91EE232EE00049928 /* Frameworks */,
				1AC74DFA1EE232EE00049928 /* Resources */,
				819116A705B6249CEAAD416A /* [CP] Embed Pods Frameworks */,
				607A1ED220F820C7A271730D /* [CP] Copy Pods Resources */,
			);
			buildRules = (
			);
			dependencies = (
				1AC74DFE1EE232EE00049928 /* PBXTargetDependency */,
			);
			name = LottieDemoUITests;
			productName = LottieDemoUITests;
			productReference = 1AC74DFC1EE232EE00049928 /* LottieDemoUITests.xctest */;
			productType = "com.apple.product-type.bundle.ui-testing";
		};
/* End PBXNativeTarget section */

/* Begin PBXProject section */
		1AC74DD51EE232ED00049928 /* Project object */ = {
			isa = PBXProject;
			attributes = {
				LastSwiftUpdateCheck = 0830;
				LastUpgradeCheck = 0830;
				ORGANIZATIONNAME = "Nylah Julmice";
				TargetAttributes = {
					1AC74DDC1EE232ED00049928 = {
						CreatedOnToolsVersion = 8.3;
						ProvisioningStyle = Automatic;
					};
					1AC74DF01EE232EE00049928 = {
						CreatedOnToolsVersion = 8.3;
						ProvisioningStyle = Automatic;
						TestTargetID = 1AC74DDC1EE232ED00049928;
					};
					1AC74DFB1EE232EE00049928 = {
						CreatedOnToolsVersion = 8.3;
						ProvisioningStyle = Automatic;
						TestTargetID = 1AC74DDC1EE232ED00049928;
					};
				};
			};
			buildConfigurationList = 1AC74DD81EE232ED00049928 /* Build configuration list for PBXProject "LottieDemo" */;
			compatibilityVersion = "Xcode 3.2";
			developmentRegion = English;
			hasScannedForEncodings = 0;
			knownRegions = (
				en,
				Base,
			);
			mainGroup = 1AC74DD41EE232ED00049928;
			productRefGroup = 1AC74DDE1EE232ED00049928 /* Products */;
			projectDirPath = "";
			projectRoot = "";
			targets = (
				1AC74DDC1EE232ED00049928 /* LottieDemo */,
				1AC74DF01EE232EE00049928 /* LottieDemoTests */,
				1AC74DFB1EE232EE00049928 /* LottieDemoUITests */,
			);
		};
/* End PBXProject section */

/* Begin PBXResourcesBuildPhase section */
		1AC74DDB1EE232ED00049928 /* Resources */ = {
			isa = PBXResourcesBuildPhase;
			buildActionMask = 2147483647;
			files = (
				1AC74DEB1EE232EE00049928 /* LaunchScreen.storyboard in Resources */,
				1AC74DE81EE232EE00049928 /* Assets.xcassets in Resources */,
				1AC74E0F1EE2425500049928 /* servishero_loading.json in Resources */,
				1AC74DE61EE232EE00049928 /* Main.storyboard in Resources */,
			);
			runOnlyForDeploymentPostprocessing = 0;
		};
		1AC74DEF1EE232EE00049928 /* Resources */ = {
			isa = PBXResourcesBuildPhase;
			buildActionMask = 2147483647;
			files = (
			);
			runOnlyForDeploymentPostprocessing = 0;
		};
		1AC74DFA1EE232EE00049928 /* Resources */ = {
			isa = PBXResourcesBuildPhase;
			buildActionMask = 2147483647;
			files = (
			);
			runOnlyForDeploymentPostprocessing = 0;
		};
/* End PBXResourcesBuildPhase section */

/* Begin PBXShellScriptBuildPhase section */
		25C868884D5F1E3EE7BC2C61 /* [CP] Check Pods Manifest.lock */ = {
			isa = PBXShellScriptBuildPhase;
			buildActionMask = 2147483647;
			files = (
			);
			inputPaths = (
			);
			name = "[CP] Check Pods Manifest.lock";
			outputPaths = (
			);
			runOnlyForDeploymentPostprocessing = 0;
			shellPath = /bin/sh;
			shellScript = "diff \"${PODS_PODFILE_DIR_PATH}/Podfile.lock\" \"${PODS_ROOT}/Manifest.lock\" > /dev/null\nif [ $? != 0 ] ; then\n    # print error to STDERR\n    echo \"error: The sandbox is not in sync with the Podfile.lock. Run 'pod install' or update your CocoaPods installation.\" >&2\n    exit 1\nfi\n";
			showEnvVarsInLog = 0;
		};
		4C2459976937D6CC448E29DE /* [CP] Embed Pods Frameworks */ = {
			isa = PBXShellScriptBuildPhase;
			buildActionMask = 2147483647;
			files = (
			);
			inputPaths = (
			);
			name = "[CP] Embed Pods Frameworks";
			outputPaths = (
			);
			runOnlyForDeploymentPostprocessing = 0;
			shellPath = /bin/sh;
			shellScript = "\"${SRCROOT}/Pods/Target Support Files/Pods-LottieDemo/Pods-LottieDemo-frameworks.sh\"\n";
			showEnvVarsInLog = 0;
		};
		4E0EDA43B87879D9FC1B684A /* [CP] Check Pods Manifest.lock */ = {
			isa = PBXShellScriptBuildPhase;
			buildActionMask = 2147483647;
			files = (
			);
			inputPaths = (
			);
			name = "[CP] Check Pods Manifest.lock";
			outputPaths = (
			);
			runOnlyForDeploymentPostprocessing = 0;
			shellPath = /bin/sh;
			shellScript = "diff \"${PODS_PODFILE_DIR_PATH}/Podfile.lock\" \"${PODS_ROOT}/Manifest.lock\" > /dev/null\nif [ $? != 0 ] ; then\n    # print error to STDERR\n    echo \"error: The sandbox is not in sync with the Podfile.lock. Run 'pod install' or update your CocoaPods installation.\" >&2\n    exit 1\nfi\n";
			showEnvVarsInLog = 0;
		};
		607A1ED220F820C7A271730D /* [CP] Copy Pods Resources */ = {
			isa = PBXShellScriptBuildPhase;
			buildActionMask = 2147483647;
			files = (
			);
			inputPaths = (
			);
			name = "[CP] Copy Pods Resources";
			outputPaths = (
			);
			runOnlyForDeploymentPostprocessing = 0;
			shellPath = /bin/sh;
			shellScript = "\"${SRCROOT}/Pods/Target Support Files/Pods-LottieDemoUITests/Pods-LottieDemoUITests-resources.sh\"\n";
			showEnvVarsInLog = 0;
		};
		6F164A7B61FF9A1961008B69 /* [CP] Copy Pods Resources */ = {
			isa = PBXShellScriptBuildPhase;
			buildActionMask = 2147483647;
			files = (
			);
			inputPaths = (
			);
			name = "[CP] Copy Pods Resources";
			outputPaths = (
			);
			runOnlyForDeploymentPostprocessing = 0;
			shellPath = /bin/sh;
			shellScript = "\"${SRCROOT}/Pods/Target Support Files/Pods-LottieDemo/Pods-LottieDemo-resources.sh\"\n";
			showEnvVarsInLog = 0;
		};
		7FF821F18F8870B0D5B9AE4B /* [CP] Embed Pods Frameworks */ = {
			isa = PBXShellScriptBuildPhase;
			buildActionMask = 2147483647;
			files = (
			);
			inputPaths = (
			);
			name = "[CP] Embed Pods Frameworks";
			outputPaths = (
			);
			runOnlyForDeploymentPostprocessing = 0;
			shellPath = /bin/sh;
			shellScript = "\"${SRCROOT}/Pods/Target Support Files/Pods-LottieDemoTests/Pods-LottieDemoTests-frameworks.sh\"\n";
			showEnvVarsInLog = 0;
		};
		819116A705B6249CEAAD416A /* [CP] Embed Pods Frameworks */ = {
			isa = PBXShellScriptBuildPhase;
			buildActionMask = 2147483647;
			files = (
			);
			inputPaths = (
			);
			name = "[CP] Embed Pods Frameworks";
			outputPaths = (
			);
			runOnlyForDeploymentPostprocessing = 0;
			shellPath = /bin/sh;
			shellScript = "\"${SRCROOT}/Pods/Target Support Files/Pods-LottieDemoUITests/Pods-LottieDemoUITests-frameworks.sh\"\n";
			showEnvVarsInLog = 0;
		};
		E814E6D96B715866BDC46F91 /* [CP] Copy Pods Resources */ = {
			isa = PBXShellScriptBuildPhase;
			buildActionMask = 2147483647;
			files = (
			);
			inputPaths = (
			);
			name = "[CP] Copy Pods Resources";
			outputPaths = (
			);
			runOnlyForDeploymentPostprocessing = 0;
			shellPath = /bin/sh;
			shellScript = "\"${SRCROOT}/Pods/Target Support Files/Pods-LottieDemoTests/Pods-LottieDemoTests-resources.sh\"\n";
			showEnvVarsInLog = 0;
		};
		EF5F84BB9ADC34DF2B68FA24 /* [CP] Check Pods Manifest.lock */ = {
			isa = PBXShellScriptBuildPhase;
			buildActionMask = 2147483647;
			files = (
			);
			inputPaths = (
			);
			name = "[CP] Check Pods Manifest.lock";
			outputPaths = (
			);
			runOnlyForDeploymentPostprocessing = 0;
			shellPath = /bin/sh;
			shellScript = "diff \"${PODS_PODFILE_DIR_PATH}/Podfile.lock\" \"${PODS_ROOT}/Manifest.lock\" > /dev/null\nif [ $? != 0 ] ; then\n    # print error to STDERR\n    echo \"error: The sandbox is not in sync with the Podfile.lock. Run 'pod install' or update your CocoaPods installation.\" >&2\n    exit 1\nfi\n";
			showEnvVarsInLog = 0;
		};
/* End PBXShellScriptBuildPhase section */

/* Begin PBXSourcesBuildPhase section */
		1AC74DD91EE232ED00049928 /* Sources */ = {
			isa = PBXSourcesBuildPhase;
			buildActionMask = 2147483647;
			files = (
				1AC74DE31EE232ED00049928 /* ViewController.swift in Sources */,
				1AC74DE11EE232ED00049928 /* AppDelegate.swift in Sources */,
			);
			runOnlyForDeploymentPostprocessing = 0;
		};
		1AC74DED1EE232EE00049928 /* Sources */ = {
			isa = PBXSourcesBuildPhase;
			buildActionMask = 2147483647;
			files = (
				1AC74DF61EE232EE00049928 /* LottieDemoTests.swift in Sources */,
			);
			runOnlyForDeploymentPostprocessing = 0;
		};
		1AC74DF81EE232EE00049928 /* Sources */ = {
			isa = PBXSourcesBuildPhase;
			buildActionMask = 2147483647;
			files = (
				1AC74E011EE232EE00049928 /* LottieDemoUITests.swift in Sources */,
			);
			runOnlyForDeploymentPostprocessing = 0;
		};
/* End PBXSourcesBuildPhase section */

/* Begin PBXTargetDependency section */
		1AC74DF31EE232EE00049928 /* PBXTargetDependency */ = {
			isa = PBXTargetDependency;
			target = 1AC74DDC1EE232ED00049928 /* LottieDemo */;
			targetProxy = 1AC74DF21EE232EE00049928 /* PBXContainerItemProxy */;
		};
		1AC74DFE1EE232EE00049928 /* PBXTargetDependency */ = {
			isa = PBXTargetDependency;
			target = 1AC74DDC1EE232ED00049928 /* LottieDemo */;
			targetProxy = 1AC74DFD1EE232EE00049928 /* PBXContainerItemProxy */;
		};
/* End PBXTargetDependency section */

/* Begin PBXVariantGroup section */
		1AC74DE41EE232ED00049928 /* Main.storyboard */ = {
			isa = PBXVariantGroup;
			children = (
				1AC74DE51EE232EE00049928 /* Base */,
			);
			name = Main.storyboard;
			sourceTree = "<group>";
		};
		1AC74DE91EE232EE00049928 /* LaunchScreen.storyboard */ = {
			isa = PBXVariantGroup;
			children = (
				1AC74DEA1EE232EE00049928 /* Base */,
			);
			name = LaunchScreen.storyboard;
			sourceTree = "<group>";
		};
/* End PBXVariantGroup section */

/* Begin XCBuildConfiguration section */
		1AC74E031EE232EE00049928 /* Debug */ = {
			isa = XCBuildConfiguration;
			buildSettings = {
				ALWAYS_SEARCH_USER_PATHS = NO;
				CLANG_ANALYZER_NONNULL = YES;
				CLANG_ANALYZER_NUMBER_OBJECT_CONVERSION = YES_AGGRESSIVE;
				CLANG_CXX_LANGUAGE_STANDARD = "gnu++0x";
				CLANG_CXX_LIBRARY = "libc++";
				CLANG_ENABLE_MODULES = YES;
				CLANG_ENABLE_OBJC_ARC = YES;
				CLANG_WARN_BOOL_CONVERSION = YES;
				CLANG_WARN_CONSTANT_CONVERSION = YES;
				CLANG_WARN_DIRECT_OBJC_ISA_USAGE = YES_ERROR;
				CLANG_WARN_DOCUMENTATION_COMMENTS = YES;
				CLANG_WARN_EMPTY_BODY = YES;
				CLANG_WARN_ENUM_CONVERSION = YES;
				CLANG_WARN_INFINITE_RECURSION = YES;
				CLANG_WARN_INT_CONVERSION = YES;
				CLANG_WARN_OBJC_ROOT_CLASS = YES_ERROR;
				CLANG_WARN_SUSPICIOUS_MOVE = YES;
				CLANG_WARN_UNREACHABLE_CODE = YES;
				CLANG_WARN__DUPLICATE_METHOD_MATCH = YES;
				"CODE_SIGN_IDENTITY[sdk=iphoneos*]" = "iPhone Developer";
				COPY_PHASE_STRIP = NO;
				DEBUG_INFORMATION_FORMAT = dwarf;
				ENABLE_STRICT_OBJC_MSGSEND = YES;
				ENABLE_TESTABILITY = YES;
				GCC_C_LANGUAGE_STANDARD = gnu99;
				GCC_DYNAMIC_NO_PIC = NO;
				GCC_NO_COMMON_BLOCKS = YES;
				GCC_OPTIMIZATION_LEVEL = 0;
				GCC_PREPROCESSOR_DEFINITIONS = (
					"DEBUG=1",
					"$(inherited)",
				);
				GCC_WARN_64_TO_32_BIT_CONVERSION = YES;
				GCC_WARN_ABOUT_RETURN_TYPE = YES_ERROR;
				GCC_WARN_UNDECLARED_SELECTOR = YES;
				GCC_WARN_UNINITIALIZED_AUTOS = YES_AGGRESSIVE;
				GCC_WARN_UNUSED_FUNCTION = YES;
				GCC_WARN_UNUSED_VARIABLE = YES;
				IPHONEOS_DEPLOYMENT_TARGET = 10.3;
				MTL_ENABLE_DEBUG_INFO = YES;
				ONLY_ACTIVE_ARCH = YES;
				SDKROOT = iphoneos;
				SWIFT_ACTIVE_COMPILATION_CONDITIONS = DEBUG;
				SWIFT_OPTIMIZATION_LEVEL = "-Onone";
				TARGETED_DEVICE_FAMILY = "1,2";
			};
			name = Debug;
		};
		1AC74E041EE232EE00049928 /* Release */ = {
			isa = XCBuildConfiguration;
			buildSettings = {
				ALWAYS_SEARCH_USER_PATHS = NO;
				CLANG_ANALYZER_NONNULL = YES;
				CLANG_ANALYZER_NUMBER_OBJECT_CONVERSION = YES_AGGRESSIVE;
				CLANG_CXX_LANGUAGE_STANDARD = "gnu++0x";
				CLANG_CXX_LIBRARY = "libc++";
				CLANG_ENABLE_MODULES = YES;
				CLANG_ENABLE_OBJC_ARC = YES;
				CLANG_WARN_BOOL_CONVERSION = YES;
				CLANG_WARN_CONSTANT_CONVERSION = YES;
				CLANG_WARN_DIRECT_OBJC_ISA_USAGE = YES_ERROR;
				CLANG_WARN_DOCUMENTATION_COMMENTS = YES;
				CLANG_WARN_EMPTY_BODY = YES;
				CLANG_WARN_ENUM_CONVERSION = YES;
				CLANG_WARN_INFINITE_RECURSION = YES;
				CLANG_WARN_INT_CONVERSION = YES;
				CLANG_WARN_OBJC_ROOT_CLASS = YES_ERROR;
				CLANG_WARN_SUSPICIOUS_MOVE = YES;
				CLANG_WARN_UNREACHABLE_CODE = YES;
				CLANG_WARN__DUPLICATE_METHOD_MATCH = YES;
				"CODE_SIGN_IDENTITY[sdk=iphoneos*]" = "iPhone Developer";
				COPY_PHASE_STRIP = NO;
				DEBUG_INFORMATION_FORMAT = "dwarf-with-dsym";
				ENABLE_NS_ASSERTIONS = NO;
				ENABLE_STRICT_OBJC_MSGSEND = YES;
				GCC_C_LANGUAGE_STANDARD = gnu99;
				GCC_NO_COMMON_BLOCKS = YES;
				GCC_WARN_64_TO_32_BIT_CONVERSION = YES;
				GCC_WARN_ABOUT_RETURN_TYPE = YES_ERROR;
				GCC_WARN_UNDECLARED_SELECTOR = YES;
				GCC_WARN_UNINITIALIZED_AUTOS = YES_AGGRESSIVE;
				GCC_WARN_UNUSED_FUNCTION = YES;
				GCC_WARN_UNUSED_VARIABLE = YES;
				IPHONEOS_DEPLOYMENT_TARGET = 10.3;
				MTL_ENABLE_DEBUG_INFO = NO;
				SDKROOT = iphoneos;
				SWIFT_OPTIMIZATION_LEVEL = "-Owholemodule";
				TARGETED_DEVICE_FAMILY = "1,2";
				VALIDATE_PRODUCT = YES;
			};
			name = Release;
		};
		1AC74E061EE232EE00049928 /* Debug */ = {
			isa = XCBuildConfiguration;
			baseConfigurationReference = 7CEA51B0E6EF1EF0E480DEEB /* Pods-LottieDemo.debug.xcconfig */;
			buildSettings = {
				ASSETCATALOG_COMPILER_APPICON_NAME = AppIcon;
				INFOPLIST_FILE = LottieDemo/Info.plist;
				LD_RUNPATH_SEARCH_PATHS = "$(inherited) @executable_path/Frameworks";
				PRODUCT_BUNDLE_IDENTIFIER = nylahJulmice.LottieDemo;
				PRODUCT_NAME = "$(TARGET_NAME)";
				SWIFT_VERSION = 3.0;
			};
			name = Debug;
		};
		1AC74E071EE232EE00049928 /* Release */ = {
			isa = XCBuildConfiguration;
			baseConfigurationReference = D65ADBFBF20BD2CEE0EA5620 /* Pods-LottieDemo.release.xcconfig */;
			buildSettings = {
				ASSETCATALOG_COMPILER_APPICON_NAME = AppIcon;
				INFOPLIST_FILE = LottieDemo/Info.plist;
				LD_RUNPATH_SEARCH_PATHS = "$(inherited) @executable_path/Frameworks";
				PRODUCT_BUNDLE_IDENTIFIER = nylahJulmice.LottieDemo;
				PRODUCT_NAME = "$(TARGET_NAME)";
				SWIFT_VERSION = 3.0;
			};
			name = Release;
		};
		1AC74E091EE232EE00049928 /* Debug */ = {
			isa = XCBuildConfiguration;
			baseConfigurationReference = 62C5FA4B7E7B86023CC2D33C /* Pods-LottieDemoTests.debug.xcconfig */;
			buildSettings = {
				ALWAYS_EMBED_SWIFT_STANDARD_LIBRARIES = YES;
				BUNDLE_LOADER = "$(TEST_HOST)";
				INFOPLIST_FILE = LottieDemoTests/Info.plist;
				LD_RUNPATH_SEARCH_PATHS = "$(inherited) @executable_path/Frameworks @loader_path/Frameworks";
				PRODUCT_BUNDLE_IDENTIFIER = nylahJulmice.LottieDemoTests;
				PRODUCT_NAME = "$(TARGET_NAME)";
				SWIFT_VERSION = 3.0;
				TEST_HOST = "$(BUILT_PRODUCTS_DIR)/LottieDemo.app/LottieDemo";
			};
			name = Debug;
		};
		1AC74E0A1EE232EE00049928 /* Release */ = {
			isa = XCBuildConfiguration;
			baseConfigurationReference = 2D935B3A6F12B00F4A93C956 /* Pods-LottieDemoTests.release.xcconfig */;
			buildSettings = {
				ALWAYS_EMBED_SWIFT_STANDARD_LIBRARIES = YES;
				BUNDLE_LOADER = "$(TEST_HOST)";
				INFOPLIST_FILE = LottieDemoTests/Info.plist;
				LD_RUNPATH_SEARCH_PATHS = "$(inherited) @executable_path/Frameworks @loader_path/Frameworks";
				PRODUCT_BUNDLE_IDENTIFIER = nylahJulmice.LottieDemoTests;
				PRODUCT_NAME = "$(TARGET_NAME)";
				SWIFT_VERSION = 3.0;
				TEST_HOST = "$(BUILT_PRODUCTS_DIR)/LottieDemo.app/LottieDemo";
			};
			name = Release;
		};
		1AC74E0C1EE232EE00049928 /* Debug */ = {
			isa = XCBuildConfiguration;
			baseConfigurationReference = 65DDDDCD31C0633FC81B4E30 /* Pods-LottieDemoUITests.debug.xcconfig */;
			buildSettings = {
				ALWAYS_EMBED_SWIFT_STANDARD_LIBRARIES = YES;
				INFOPLIST_FILE = LottieDemoUITests/Info.plist;
				LD_RUNPATH_SEARCH_PATHS = "$(inherited) @executable_path/Frameworks @loader_path/Frameworks";
				PRODUCT_BUNDLE_IDENTIFIER = nylahJulmice.LottieDemoUITests;
				PRODUCT_NAME = "$(TARGET_NAME)";
				SWIFT_VERSION = 3.0;
				TEST_TARGET_NAME = LottieDemo;
			};
			name = Debug;
		};
		1AC74E0D1EE232EE00049928 /* Release */ = {
			isa = XCBuildConfiguration;
			baseConfigurationReference = 107F1F3F47046945367A4B5E /* Pods-LottieDemoUITests.release.xcconfig */;
			buildSettings = {
				ALWAYS_EMBED_SWIFT_STANDARD_LIBRARIES = YES;
				INFOPLIST_FILE = LottieDemoUITests/Info.plist;
				LD_RUNPATH_SEARCH_PATHS = "$(inherited) @executable_path/Frameworks @loader_path/Frameworks";
				PRODUCT_BUNDLE_IDENTIFIER = nylahJulmice.LottieDemoUITests;
				PRODUCT_NAME = "$(TARGET_NAME)";
				SWIFT_VERSION = 3.0;
				TEST_TARGET_NAME = LottieDemo;
			};
			name = Release;
		};
/* End XCBuildConfiguration section */

/* Begin XCConfigurationList section */
		1AC74DD81EE232ED00049928 /* Build configuration list for PBXProject "LottieDemo" */ = {
			isa = XCConfigurationList;
			buildConfigurations = (
				1AC74E031EE232EE00049928 /* Debug */,
				1AC74E041EE232EE00049928 /* Release */,
			);
			defaultConfigurationIsVisible = 0;
			defaultConfigurationName = Release;
		};
		1AC74E051EE232EE00049928 /* Build configuration list for PBXNativeTarget "LottieDemo" */ = {
			isa = XCConfigurationList;
			buildConfigurations = (
				1AC74E061EE232EE00049928 /* Debug */,
				1AC74E071EE232EE00049928 /* Release */,
			);
			defaultConfigurationIsVisible = 0;
			defaultConfigurationName = Release;
		};
		1AC74E081EE232EE00049928 /* Build configuration list for PBXNativeTarget "LottieDemoTests" */ = {
			isa = XCConfigurationList;
			buildConfigurations = (
				1AC74E091EE232EE00049928 /* Debug */,
				1AC74E0A1EE232EE00049928 /* Release */,
			);
			defaultConfigurationIsVisible = 0;
			defaultConfigurationName = Release;
		};
		1AC74E0B1EE232EE00049928 /* Build configuration list for PBXNativeTarget "LottieDemoUITests" */ = {
			isa = XCConfigurationList;
			buildConfigurations = (
				1AC74E0C1EE232EE00049928 /* Debug */,
				1AC74E0D1EE232EE00049928 /* Release */,
			);
			defaultConfigurationIsVisible = 0;
			defaultConfigurationName = Release;
		};
/* End XCConfigurationList section */
	};
	rootObject = 1AC74DD51EE232ED00049928 /* Project object */;
}
